// !$*UTF8*$!
{
	archiveVersion = 1;
	classes = {
	};
	objectVersion = 46;
	objects = {

/* Begin PBXBuildFile section */
		BCF626AB1D9BDFFF00D8BDA1 /* AppDelegate.swift in Sources */ = {isa = PBXBuildFile; fileRef = BCF626AA1D9BDFFF00D8BDA1 /* AppDelegate.swift */; };
		BCF626AD1D9BDFFF00D8BDA1 /* ViewController.swift in Sources */ = {isa = PBXBuildFile; fileRef = BCF626AC1D9BDFFF00D8BDA1 /* ViewController.swift */; };
		BCF626B01D9BDFFF00D8BDA1 /* Main.storyboard in Resources */ = {isa = PBXBuildFile; fileRef = BCF626AE1D9BDFFF00D8BDA1 /* Main.storyboard */; };
		BCF626B21D9BDFFF00D8BDA1 /* Assets.xcassets in Resources */ = {isa = PBXBuildFile; fileRef = BCF626B11D9BDFFF00D8BDA1 /* Assets.xcassets */; };
		BCF626B51D9BDFFF00D8BDA1 /* LaunchScreen.storyboard in Resources */ = {isa = PBXBuildFile; fileRef = BCF626B31D9BDFFF00D8BDA1 /* LaunchScreen.storyboard */; };
		BCF626BD1D9BE09B00D8BDA1 /* 线稿3 原图.jpg in Resources */ = {isa = PBXBuildFile; fileRef = BCF626BC1D9BE09B00D8BDA1 /* 线稿3 原图.jpg */; };
/* End PBXBuildFile section */

/* Begin PBXFileReference section */
		BCF626A71D9BDFFF00D8BDA1 /* headViewBiger.app */ = {isa = PBXFileReference; explicitFileType = wrapper.application; includeInIndex = 0; path = headViewBiger.app; sourceTree = BUILT_PRODUCTS_DIR; };
		BCF626AA1D9BDFFF00D8BDA1 /* AppDelegate.swift */ = {isa = PBXFileReference; lastKnownFileType = sourcecode.swift; path = AppDelegate.swift; sourceTree = "<group>"; };
		BCF626AC1D9BDFFF00D8BDA1 /* ViewController.swift */ = {isa = PBXFileReference; lastKnownFileType = sourcecode.swift; path = ViewController.swift; sourceTree = "<group>"; };
		BCF626AF1D9BDFFF00D8BDA1 /* Base */ = {isa = PBXFileReference; lastKnownFileType = file.storyboard; name = Base; path = Base.lproj/Main.storyboard; sourceTree = "<group>"; };
		BCF626B11D9BDFFF00D8BDA1 /* Assets.xcassets */ = {isa = PBXFileReference; lastKnownFileType = folder.assetcatalog; path = Assets.xcassets; sourceTree = "<group>"; };
		BCF626B41D9BDFFF00D8BDA1 /* Base */ = {isa = PBXFileReference; lastKnownFileType = file.storyboard; name = Base; path = Base.lproj/LaunchScreen.storyboard; sourceTree = "<group>"; };
		BCF626B61D9BDFFF00D8BDA1 /* Info.plist */ = {isa = PBXFileReference; lastKnownFileType = text.plist.xml; path = Info.plist; sourceTree = "<group>"; };
		BCF626BC1D9BE09B00D8BDA1 /* 线稿3 原图.jpg */ = {isa = PBXFileReference; lastKnownFileType = image.jpeg; path = "线稿3 原图.jpg"; sourceTree = "<group>"; };
/* End PBXFileReference section */

/* Begin PBXFrameworksBuildPhase section */
		BCF626A41D9BDFFF00D8BDA1 /* Frameworks */ = {
			isa = PBXFrameworksBuildPhase;
			buildActionMask = 2147483647;
			files = (
			);
			runOnlyForDeploymentPostprocessing = 0;
		};
/* End PBXFrameworksBuildPhase section */

/* Begin PBXGroup section */
		BCF6269E1D9BDFFF00D8BDA1 = {
			isa = PBXGroup;
			children = (
				BCF626A91D9BDFFF00D8BDA1 /* headViewBiger */,
				BCF626A81D9BDFFF00D8BDA1 /* Products */,
			);
			sourceTree = "<group>";
		};
		BCF626A81D9BDFFF00D8BDA1 /* Products */ = {
			isa = PBXGroup;
			children = (
				BCF626A71D9BDFFF00D8BDA1 /* headViewBiger.app */,
			);
			name = Products;
			sourceTree = "<group>";
		};
		BCF626A91D9BDFFF00D8BDA1 /* headViewBiger */ = {
			isa = PBXGroup;
			children = (
				BCF626AA1D9BDFFF00D8BDA1 /* AppDelegate.swift */,
				BCF626AC1D9BDFFF00D8BDA1 /* ViewController.swift */,
				BCF626AE1D9BDFFF00D8BDA1 /* Main.storyboard */,
				BCF626B11D9BDFFF00D8BDA1 /* Assets.xcassets */,
				BCF626B31D9BDFFF00D8BDA1 /* LaunchScreen.storyboard */,
				BCF626B61D9BDFFF00D8BDA1 /* Info.plist */,
				BCF626BC1D9BE09B00D8BDA1 /* 线稿3 原图.jpg */,
			);
			path = headViewBiger;
			sourceTree = "<group>";
		};
/* End PBXGroup section */

/* Begin PBXNativeTarget section */
		BCF626A61D9BDFFF00D8BDA1 /* headViewBiger */ = {
			isa = PBXNativeTarget;
			buildConfigurationList = BCF626B91D9BDFFF00D8BDA1 /* Build configuration list for PBXNativeTarget "headViewBiger" */;
			buildPhases = (
				BCF626A31D9BDFFF00D8BDA1 /* Sources */,
				BCF626A41D9BDFFF00D8BDA1 /* Frameworks */,
				BCF626A51D9BDFFF00D8BDA1 /* Resources */,
			);
			buildRules = (
			);
			dependencies = (
			);
			name = headViewBiger;
			productName = headViewBiger;
			productReference = BCF626A71D9BDFFF00D8BDA1 /* headViewBiger.app */;
			productType = "com.apple.product-type.application";
		};
/* End PBXNativeTarget section */

/* Begin PBXProject section */
		BCF6269F1D9BDFFF00D8BDA1 /* Project object */ = {
			isa = PBXProject;
			attributes = {
				LastSwiftUpdateCheck = 0730;
				LastUpgradeCheck = 0730;
				ORGANIZATIONNAME = "马锦龙";
				TargetAttributes = {
					BCF626A61D9BDFFF00D8BDA1 = {
						CreatedOnToolsVersion = 7.3.1;
					};
				};
			};
			buildConfigurationList = BCF626A21D9BDFFF00D8BDA1 /* Build configuration list for PBXProject "headViewBiger" */;
			compatibilityVersion = "Xcode 3.2";
			developmentRegion = English;
			hasScannedForEncodings = 0;
			knownRegions = (
				en,
				Base,
			);
			mainGroup = BCF6269E1D9BDFFF00D8BDA1;
			productRefGroup = BCF626A81D9BDFFF00D8BDA1 /* Products */;
			projectDirPath = "";
			projectRoot = "";
			targets = (
				BCF626A61D9BDFFF00D8BDA1 /* headViewBiger */,
			);
		};
/* End PBXProject section */

/* Begin PBXResourcesBuildPhase section */
		BCF626A51D9BDFFF00D8BDA1 /* Resources */ = {
			isa = PBXResourcesBuildPhase;
			buildActionMask = 2147483647;
			files = (
				BCF626B51D9BDFFF00D8BDA1 /* LaunchScreen.storyboard in Resources */,
				BCF626B21D9BDFFF00D8BDA1 /* Assets.xcassets in Resources */,
				BCF626B01D9BDFFF00D8BDA1 /* Main.storyboard in Resources */,
				BCF626BD1D9BE09B00D8BDA1 /* 线稿3 原图.jpg in Resources */,
			);
			runOnlyForDeploymentPostprocessing = 0;
		};
/* End PBXResourcesBuildPhase section */

/* Begin PBXSourcesBuildPhase section */
		BCF626A31D9BDFFF00D8BDA1 /* Sources */ = {
			isa = PBXSourcesBuildPhase;
			buildActionMask = 2147483647;
			files = (
				BCF626AD1D9BDFFF00D8BDA1 /* ViewController.swift in Sources */,
				BCF626AB1D9BDFFF00D8BDA1 /* AppDelegate.swift in Sources */,
			);
			runOnlyForDeploymentPostprocessing = 0;
		};
/* End PBXSourcesBuildPhase section */

/* Begin PBXVariantGroup section */
		BCF626AE1D9BDFFF00D8BDA1 /* Main.storyboard */ = {
			isa = PBXVariantGroup;
			children = (
				BCF626AF1D9BDFFF00D8BDA1 /* Base */,
			);
			name = Main.storyboard;
			sourceTree = "<group>";
		};
		BCF626B31D9BDFFF00D8BDA1 /* LaunchScreen.storyboard */ = {
			isa = PBXVariantGroup;
			children = (
				BCF626B41D9BDFFF00D8BDA1 /* Base */,
			);
			name = LaunchScreen.storyboard;
			sourceTree = "<group>";
		};
/* End PBXVariantGroup section */

/* Begin XCBuildConfiguration section */
		BCF626B71D9BDFFF00D8BDA1 /* Debug */ = {
			isa = XCBuildConfiguration;
			buildSettings = {
				ALWAYS_SEARCH_USER_PATHS = NO;
				CLANG_ANALYZER_NONNULL = YES;
				CLANG_CXX_LANGUAGE_STANDARD = "gnu++0x";
				CLANG_CXX_LIBRARY = "libc++";
				CLANG_ENABLE_MODULES = YES;
				CLANG_ENABLE_OBJC_ARC = YES;
				CLANG_WARN_BOOL_CONVERSION = YES;
				CLANG_WARN_CONSTANT_CONVERSION = YES;
				CLANG_WARN_DIRECT_OBJC_ISA_USAGE = YES_ERROR;
				CLANG_WARN_EMPTY_BODY = YES;
				CLANG_WARN_ENUM_CONVERSION = YES;
				CLANG_WARN_INT_CONVERSION = YES;
				CLANG_WARN_OBJC_ROOT_CLASS = YES_ERROR;
				CLANG_WARN_UNREACHABLE_CODE = YES;
				CLANG_WARN__DUPLICATE_METHOD_MATCH = YES;
				"CODE_SIGN_IDENTITY[sdk=iphoneos*]" = "iPhone Developer";
				COPY_PHASE_STRIP = NO;
				DEBUG_INFORMATION_FORMAT = dwarf;
				ENABLE_STRICT_OBJC_MSGSEND = YES;
				ENABLE_TESTABILITY = YES;
				GCC_C_LANGUAGE_STANDARD = gnu99;
				GCC_DYNAMIC_NO_PIC = NO;
				GCC_NO_COMMON_BLOCKS = YES;
				GCC_OPTIMIZATION_LEVEL = 0;
				GCC_PREPROCESSOR_DEFINITIONS = (
					"DEBUG=1",
					"$(inherited)",
				);
				GCC_WARN_64_TO_32_BIT_CONVERSION = YES;
				GCC_WARN_ABOUT_RETURN_TYPE = YES_ERROR;
				GCC_WARN_UNDECLARED_SELECTOR = YES;
				GCC_WARN_UNINITIALIZED_AUTOS = YES_AGGRESSIVE;
				GCC_WARN_UNUSED_FUNCTION = YES;
				GCC_WARN_UNUSED_VARIABLE = YES;
				IPHONEOS_DEPLOYMENT_TARGET = 9.3;
				MTL_ENABLE_DEBUG_INFO = YES;
				ONLY_ACTIVE_ARCH = YES;
				SDKROOT = iphoneos;
				SWIFT_OPTIMIZATION_LEVEL = "-Onone";
			};
			name = Debug;
		};
		BCF626B81D9BDFFF00D8BDA1 /* Release */ = {
			isa = XCBuildConfiguration;
			buildSettings = {
				ALWAYS_SEARCH_USER_PATHS = NO;
				CLANG_ANALYZER_NONNULL = YES;
				CLANG_CXX_LANGUAGE_STANDARD = "gnu++0x";
				CLANG_CXX_LIBRARY = "libc++";
				CLANG_ENABLE_MODULES = YES;
				CLANG_ENABLE_OBJC_ARC = YES;
				CLANG_WARN_BOOL_CONVERSION = YES;
				CLANG_WARN_CONSTANT_CONVERSION = YES;
				CLANG_WARN_DIRECT_OBJC_ISA_USAGE = YES_ERROR;
				CLANG_WARN_EMPTY_BODY = YES;
				CLANG_WARN_ENUM_CONVERSION = YES;
				CLANG_WARN_INT_CONVERSION = YES;
				CLANG_WARN_OBJC_ROOT_CLASS = YES_ERROR;
				CLANG_WARN_UNREACHABLE_CODE = YES;
				CLANG_WARN__DUPLICATE_METHOD_MATCH = YES;
				"CODE_SIGN_IDENTITY[sdk=iphoneos*]" = "iPhone Developer";
				COPY_PHASE_STRIP = NO;
				DEBUG_INFORMATION_FORMAT = "dwarf-with-dsym";
				ENABLE_NS_ASSERTIONS = NO;
				ENABLE_STRICT_OBJC_MSGSEND = YES;
				GCC_C_LANGUAGE_STANDARD = gnu99;
				GCC_NO_COMMON_BLOCKS = YES;
				GCC_WARN_64_TO_32_BIT_CONVERSION = YES;
				GCC_WARN_ABOUT_RETURN_TYPE = YES_ERROR;
				GCC_WARN_UNDECLARED_SELECTOR = YES;
				GCC_WARN_UNINITIALIZED_AUTOS = YES_AGGRESSIVE;
				GCC_WARN_UNUSED_FUNCTION = YES;
				GCC_WARN_UNUSED_VARIABLE = YES;
				IPHONEOS_DEPLOYMENT_TARGET = 9.3;
				MTL_ENABLE_DEBUG_INFO = NO;
				SDKROOT = iphoneos;
				VALIDATE_PRODUCT = YES;
			};
			name = Release;
		};
		BCF626BA1D9BDFFF00D8BDA1 /* Debug */ = {
			isa = XCBuildConfiguration;
			buildSettings = {
				ASSETCATALOG_COMPILER_APPICON_NAME = AppIcon;
				INFOPLIST_FILE = headViewBiger/Info.plist;
				LD_RUNPATH_SEARCH_PATHS = "$(inherited) @executable_path/Frameworks";
				PRODUCT_BUNDLE_IDENTIFIER = QianFeng.headViewBiger;
				PRODUCT_NAME = "$(TARGET_NAME)";
			};
			name = Debug;
		};
		BCF626BB1D9BDFFF00D8BDA1 /* Release */ = {
			isa = XCBuildConfiguration;
			buildSettings = {
				ASSETCATALOG_COMPILER_APPICON_NAME = AppIcon;
				INFOPLIST_FILE = headViewBiger/Info.plist;
				LD_RUNPATH_SEARCH_PATHS = "$(inherited) @executable_path/Frameworks";
				PRODUCT_BUNDLE_IDENTIFIER = QianFeng.headViewBiger;
				PRODUCT_NAME = "$(TARGET_NAME)";
			};
			name = Release;
		};
/* End XCBuildConfiguration section */

/* Begin XCConfigurationList section */
		BCF626A21D9BDFFF00D8BDA1 /* Build configuration list for PBXProject "headViewBiger" */ = {
			isa = XCConfigurationList;
			buildConfigurations = (
				BCF626B71D9BDFFF00D8BDA1 /* Debug */,
				BCF626B81D9BDFFF00D8BDA1 /* Release */,
			);
			defaultConfigurationIsVisible = 0;
			defaultConfigurationName = Release;
		};
		BCF626B91D9BDFFF00D8BDA1 /* Build configuration list for PBXNativeTarget "headViewBiger" */ = {
			isa = XCConfigurationList;
			buildConfigurations = (
				BCF626BA1D9BDFFF00D8BDA1 /* Debug */,
				BCF626BB1D9BDFFF00D8BDA1 /* Release */,
			);
			defaultConfigurationIsVisible = 0;
		};
/* End XCConfigurationList section */
	};
	rootObject = BCF6269F1D9BDFFF00D8BDA1 /* Project object */;
}
